// !$*UTF8*$!
{
	archiveVersion = 1;
	classes = {
	};
	objectVersion = 52;
	objects = {

/* Begin PBXBuildFile section */
		E54DC7582622E82F00DCB274 /* UsersViewModel.swift in Sources */ = {isa = PBXBuildFile; fileRef = E54DC7572622E82F00DCB274 /* UsersViewModel.swift */; };
		E54DC7602622EA6B00DCB274 /* UserCellViewModel.swift in Sources */ = {isa = PBXBuildFile; fileRef = E54DC75F2622EA6B00DCB274 /* UserCellViewModel.swift */; };
		E55C5B642622133E00331B66 /* AppDelegate.swift in Sources */ = {isa = PBXBuildFile; fileRef = E55C5B632622133E00331B66 /* AppDelegate.swift */; };
		E55C5B682622133E00331B66 /* UsersViewController.swift in Sources */ = {isa = PBXBuildFile; fileRef = E55C5B672622133E00331B66 /* UsersViewController.swift */; };
		E55C5B6B2622133E00331B66 /* Users.storyboard in Resources */ = {isa = PBXBuildFile; fileRef = E55C5B692622133E00331B66 /* Users.storyboard */; };
		E55C5B6D2622133E00331B66 /* Assets.xcassets in Resources */ = {isa = PBXBuildFile; fileRef = E55C5B6C2622133E00331B66 /* Assets.xcassets */; };
		E55C5B702622133E00331B66 /* LaunchScreen.storyboard in Resources */ = {isa = PBXBuildFile; fileRef = E55C5B6E2622133E00331B66 /* LaunchScreen.storyboard */; };
		E55C5BA32622140800331B66 /* Config.swift in Sources */ = {isa = PBXBuildFile; fileRef = E55C5BA22622140800331B66 /* Config.swift */; };
		E55C5BB62622154500331B66 /* RxSwift in Frameworks */ = {isa = PBXBuildFile; productRef = E55C5BB52622154500331B66 /* RxSwift */; };
		E55C5BBA2622154500331B66 /* RxRelay in Frameworks */ = {isa = PBXBuildFile; productRef = E55C5BB92622154500331B66 /* RxRelay */; };
		E55C5BBC2622154500331B66 /* RxCocoa in Frameworks */ = {isa = PBXBuildFile; productRef = E55C5BBB2622154500331B66 /* RxCocoa */; };
		E55C5BBE2622154500331B66 /* RxBlocking in Frameworks */ = {isa = PBXBuildFile; productRef = E55C5BBD2622154500331B66 /* RxBlocking */; };
		E55C5BC42622158E00331B66 /* RxDataSources in Frameworks */ = {isa = PBXBuildFile; productRef = E55C5BC32622158E00331B66 /* RxDataSources */; };
		E55C5BC62622158E00331B66 /* Differentiator in Frameworks */ = {isa = PBXBuildFile; productRef = E55C5BC52622158E00331B66 /* Differentiator */; };
		E55C5BCB2622164000331B66 /* FAQuery.swift in Sources */ = {isa = PBXBuildFile; fileRef = E55C5BCA2622164000331B66 /* FAQuery.swift */; };
		E55C5BD02622167600331B66 /* FARequest.swift in Sources */ = {isa = PBXBuildFile; fileRef = E55C5BCF2622167600331B66 /* FARequest.swift */; };
		E55C5C2F2622191800331B66 /* FaraUITests.swift in Sources */ = {isa = PBXBuildFile; fileRef = E55C5C2E2622191800331B66 /* FaraUITests.swift */; };
		E55C5C3F2622192100331B66 /* FaraTests.swift in Sources */ = {isa = PBXBuildFile; fileRef = E55C5C3E2622192100331B66 /* FaraTests.swift */; };
		E55C5C4B2622218800331B66 /* FAUser.swift in Sources */ = {isa = PBXBuildFile; fileRef = E55C5C4A2622218800331B66 /* FAUser.swift */; };
		E55C5C532622220B00331B66 /* FAAddress.swift in Sources */ = {isa = PBXBuildFile; fileRef = E55C5C522622220B00331B66 /* FAAddress.swift */; };
		E55C5C5B262223CB00331B66 /* FACompany.swift in Sources */ = {isa = PBXBuildFile; fileRef = E55C5C5A262223CB00331B66 /* FACompany.swift */; };
		E55C5C6B262224EF00331B66 /* UserDetailsViewController.swift in Sources */ = {isa = PBXBuildFile; fileRef = E55C5C6A262224EF00331B66 /* UserDetailsViewController.swift */; };
		E55C5C70262224F900331B66 /* UserDetails.storyboard in Resources */ = {isa = PBXBuildFile; fileRef = E55C5C6F262224F900331B66 /* UserDetails.storyboard */; };
		E55C5C7A2622262D00331B66 /* UserTableViewCell.swift in Sources */ = {isa = PBXBuildFile; fileRef = E55C5C782622262D00331B66 /* UserTableViewCell.swift */; };
		E55C5C7B2622262D00331B66 /* UserTableViewCell.xib in Resources */ = {isa = PBXBuildFile; fileRef = E55C5C792622262D00331B66 /* UserTableViewCell.xib */; };
		E55C5C87262229F500331B66 /* LoadableCell.swift in Sources */ = {isa = PBXBuildFile; fileRef = E55C5C86262229F500331B66 /* LoadableCell.swift */; };
/* End PBXBuildFile section */

/* Begin PBXContainerItemProxy section */
		E55C5C312622191800331B66 /* PBXContainerItemProxy */ = {
			isa = PBXContainerItemProxy;
			containerPortal = E55C5B582622133E00331B66 /* Project object */;
			proxyType = 1;
			remoteGlobalIDString = E55C5B5F2622133E00331B66;
			remoteInfo = Fara;
		};
		E55C5C412622192100331B66 /* PBXContainerItemProxy */ = {
			isa = PBXContainerItemProxy;
			containerPortal = E55C5B582622133E00331B66 /* Project object */;
			proxyType = 1;
			remoteGlobalIDString = E55C5B5F2622133E00331B66;
			remoteInfo = Fara;
		};
/* End PBXContainerItemProxy section */

/* Begin PBXFileReference section */
		E54DC7572622E82F00DCB274 /* UsersViewModel.swift */ = {isa = PBXFileReference; lastKnownFileType = sourcecode.swift; path = UsersViewModel.swift; sourceTree = "<group>"; };
		E54DC75F2622EA6B00DCB274 /* UserCellViewModel.swift */ = {isa = PBXFileReference; lastKnownFileType = sourcecode.swift; path = UserCellViewModel.swift; sourceTree = "<group>"; };
		E55C5B602622133E00331B66 /* Fara.app */ = {isa = PBXFileReference; explicitFileType = wrapper.application; includeInIndex = 0; path = Fara.app; sourceTree = BUILT_PRODUCTS_DIR; };
		E55C5B632622133E00331B66 /* AppDelegate.swift */ = {isa = PBXFileReference; lastKnownFileType = sourcecode.swift; path = AppDelegate.swift; sourceTree = "<group>"; };
		E55C5B672622133E00331B66 /* UsersViewController.swift */ = {isa = PBXFileReference; lastKnownFileType = sourcecode.swift; path = UsersViewController.swift; sourceTree = "<group>"; };
		E55C5B6A2622133E00331B66 /* Base */ = {isa = PBXFileReference; lastKnownFileType = file.storyboard; name = Base; path = Base.lproj/Users.storyboard; sourceTree = "<group>"; };
		E55C5B6C2622133E00331B66 /* Assets.xcassets */ = {isa = PBXFileReference; lastKnownFileType = folder.assetcatalog; path = Assets.xcassets; sourceTree = "<group>"; };
		E55C5B6F2622133E00331B66 /* Base */ = {isa = PBXFileReference; lastKnownFileType = file.storyboard; name = Base; path = Base.lproj/LaunchScreen.storyboard; sourceTree = "<group>"; };
		E55C5B712622133E00331B66 /* Info.plist */ = {isa = PBXFileReference; lastKnownFileType = text.plist.xml; path = Info.plist; sourceTree = "<group>"; };
		E55C5B7A2622133F00331B66 /* FaraTests.swift */ = {isa = PBXFileReference; lastKnownFileType = sourcecode.swift; path = FaraTests.swift; sourceTree = "<group>"; };
		E55C5B7C2622133F00331B66 /* Info.plist */ = {isa = PBXFileReference; lastKnownFileType = text.plist.xml; path = Info.plist; sourceTree = "<group>"; };
		E55C5B852622133F00331B66 /* FaraUITests.swift */ = {isa = PBXFileReference; lastKnownFileType = sourcecode.swift; path = FaraUITests.swift; sourceTree = "<group>"; };
		E55C5B872622133F00331B66 /* Info.plist */ = {isa = PBXFileReference; lastKnownFileType = text.plist.xml; path = Info.plist; sourceTree = "<group>"; };
		E55C5BA22622140800331B66 /* Config.swift */ = {isa = PBXFileReference; lastKnownFileType = sourcecode.swift; path = Config.swift; sourceTree = "<group>"; };
		E55C5BCA2622164000331B66 /* FAQuery.swift */ = {isa = PBXFileReference; lastKnownFileType = sourcecode.swift; path = FAQuery.swift; sourceTree = "<group>"; };
		E55C5BCF2622167600331B66 /* FARequest.swift */ = {isa = PBXFileReference; lastKnownFileType = sourcecode.swift; path = FARequest.swift; sourceTree = "<group>"; };
		E55C5C2C2622191800331B66 /* FaraUITests.xctest */ = {isa = PBXFileReference; explicitFileType = wrapper.cfbundle; includeInIndex = 0; path = FaraUITests.xctest; sourceTree = BUILT_PRODUCTS_DIR; };
		E55C5C2E2622191800331B66 /* FaraUITests.swift */ = {isa = PBXFileReference; lastKnownFileType = sourcecode.swift; path = FaraUITests.swift; sourceTree = "<group>"; };
		E55C5C302622191800331B66 /* Info.plist */ = {isa = PBXFileReference; lastKnownFileType = text.plist.xml; path = Info.plist; sourceTree = "<group>"; };
		E55C5C3C2622192100331B66 /* FaraTests.xctest */ = {isa = PBXFileReference; explicitFileType = wrapper.cfbundle; includeInIndex = 0; path = FaraTests.xctest; sourceTree = BUILT_PRODUCTS_DIR; };
		E55C5C3E2622192100331B66 /* FaraTests.swift */ = {isa = PBXFileReference; lastKnownFileType = sourcecode.swift; path = FaraTests.swift; sourceTree = "<group>"; };
		E55C5C402622192100331B66 /* Info.plist */ = {isa = PBXFileReference; lastKnownFileType = text.plist.xml; path = Info.plist; sourceTree = "<group>"; };
		E55C5C4A2622218800331B66 /* FAUser.swift */ = {isa = PBXFileReference; lastKnownFileType = sourcecode.swift; path = FAUser.swift; sourceTree = "<group>"; };
		E55C5C522622220B00331B66 /* FAAddress.swift */ = {isa = PBXFileReference; lastKnownFileType = sourcecode.swift; path = FAAddress.swift; sourceTree = "<group>"; };
		E55C5C5A262223CB00331B66 /* FACompany.swift */ = {isa = PBXFileReference; lastKnownFileType = sourcecode.swift; path = FACompany.swift; sourceTree = "<group>"; };
		E55C5C6A262224EF00331B66 /* UserDetailsViewController.swift */ = {isa = PBXFileReference; lastKnownFileType = sourcecode.swift; path = UserDetailsViewController.swift; sourceTree = "<group>"; };
		E55C5C6F262224F900331B66 /* UserDetails.storyboard */ = {isa = PBXFileReference; lastKnownFileType = file.storyboard; path = UserDetails.storyboard; sourceTree = "<group>"; };
		E55C5C782622262D00331B66 /* UserTableViewCell.swift */ = {isa = PBXFileReference; lastKnownFileType = sourcecode.swift; path = UserTableViewCell.swift; sourceTree = "<group>"; };
		E55C5C792622262D00331B66 /* UserTableViewCell.xib */ = {isa = PBXFileReference; lastKnownFileType = file.xib; path = UserTableViewCell.xib; sourceTree = "<group>"; };
		E55C5C86262229F500331B66 /* LoadableCell.swift */ = {isa = PBXFileReference; lastKnownFileType = sourcecode.swift; path = LoadableCell.swift; sourceTree = "<group>"; };
/* End PBXFileReference section */

/* Begin PBXFrameworksBuildPhase section */
		E55C5B5D2622133E00331B66 /* Frameworks */ = {
			isa = PBXFrameworksBuildPhase;
			buildActionMask = 2147483647;
			files = (
				E55C5BC62622158E00331B66 /* Differentiator in Frameworks */,
				E55C5BBA2622154500331B66 /* RxRelay in Frameworks */,
				E55C5BBC2622154500331B66 /* RxCocoa in Frameworks */,
				E55C5BC42622158E00331B66 /* RxDataSources in Frameworks */,
				E55C5BB62622154500331B66 /* RxSwift in Frameworks */,
				E55C5BBE2622154500331B66 /* RxBlocking in Frameworks */,
			);
			runOnlyForDeploymentPostprocessing = 0;
		};
		E55C5C292622191800331B66 /* Frameworks */ = {
			isa = PBXFrameworksBuildPhase;
			buildActionMask = 2147483647;
			files = (
			);
			runOnlyForDeploymentPostprocessing = 0;
		};
		E55C5C392622192100331B66 /* Frameworks */ = {
			isa = PBXFrameworksBuildPhase;
			buildActionMask = 2147483647;
			files = (
			);
			runOnlyForDeploymentPostprocessing = 0;
		};
/* End PBXFrameworksBuildPhase section */

/* Begin PBXGroup section */
		E55C5B572622133E00331B66 = {
			isa = PBXGroup;
			children = (
				E55C5B622622133E00331B66 /* Fara */,
				E55C5B792622133F00331B66 /* FaraTests */,
				E55C5B842622133F00331B66 /* FaraUITests */,
				E55C5C2D2622191800331B66 /* FaraUITests */,
				E55C5C3D2622192100331B66 /* FaraTests */,
				E55C5B612622133E00331B66 /* Products */,
			);
			sourceTree = "<group>";
		};
		E55C5B612622133E00331B66 /* Products */ = {
			isa = PBXGroup;
			children = (
				E55C5B602622133E00331B66 /* Fara.app */,
				E55C5C2C2622191800331B66 /* FaraUITests.xctest */,
				E55C5C3C2622192100331B66 /* FaraTests.xctest */,
			);
			name = Products;
			sourceTree = "<group>";
		};
		E55C5B622622133E00331B66 /* Fara */ = {
			isa = PBXGroup;
			children = (
				E55C5B632622133E00331B66 /* AppDelegate.swift */,
				E55C5B9F262213A100331B66 /* Resources */,
				E55C5BA0262213C000331B66 /* Config */,
				E55C5BB3262214C400331B66 /* Networking */,
				E55C5C85262229E700331B66 /* Helpers */,
				E55C5C492622218200331B66 /* Models */,
				E55C5BA1262213D100331B66 /* Views */,
			);
			path = Fara;
			sourceTree = "<group>";
		};
		E55C5B792622133F00331B66 /* FaraTests */ = {
			isa = PBXGroup;
			children = (
				E55C5B7A2622133F00331B66 /* FaraTests.swift */,
				E55C5B7C2622133F00331B66 /* Info.plist */,
			);
			path = FaraTests;
			sourceTree = "<group>";
		};
		E55C5B842622133F00331B66 /* FaraUITests */ = {
			isa = PBXGroup;
			children = (
				E55C5B852622133F00331B66 /* FaraUITests.swift */,
				E55C5B872622133F00331B66 /* Info.plist */,
			);
			path = FaraUITests;
			sourceTree = "<group>";
		};
		E55C5B9F262213A100331B66 /* Resources */ = {
			isa = PBXGroup;
			children = (
				E55C5B6E2622133E00331B66 /* LaunchScreen.storyboard */,
				E55C5B6C2622133E00331B66 /* Assets.xcassets */,
			);
			path = Resources;
			sourceTree = "<group>";
		};
		E55C5BA0262213C000331B66 /* Config */ = {
			isa = PBXGroup;
			children = (
				E55C5B712622133E00331B66 /* Info.plist */,
				E55C5BA22622140800331B66 /* Config.swift */,
			);
			path = Config;
			sourceTree = "<group>";
		};
		E55C5BA1262213D100331B66 /* Views */ = {
			isa = PBXGroup;
			children = (
				E55C5C5F2622244F00331B66 /* Users */,
				E55C5C602622245800331B66 /* UserDetails */,
			);
			path = Views;
			sourceTree = "<group>";
		};
		E55C5BB3262214C400331B66 /* Networking */ = {
			isa = PBXGroup;
			children = (
				E55C5BCA2622164000331B66 /* FAQuery.swift */,
				E55C5BCF2622167600331B66 /* FARequest.swift */,
			);
			path = Networking;
			sourceTree = "<group>";
		};
		E55C5C2D2622191800331B66 /* FaraUITests */ = {
			isa = PBXGroup;
			children = (
				E55C5C2E2622191800331B66 /* FaraUITests.swift */,
				E55C5C302622191800331B66 /* Info.plist */,
			);
			path = FaraUITests;
			sourceTree = "<group>";
		};
		E55C5C3D2622192100331B66 /* FaraTests */ = {
			isa = PBXGroup;
			children = (
				E55C5C3E2622192100331B66 /* FaraTests.swift */,
				E55C5C402622192100331B66 /* Info.plist */,
			);
			path = FaraTests;
			sourceTree = "<group>";
		};
		E55C5C492622218200331B66 /* Models */ = {
			isa = PBXGroup;
			children = (
				E55C5C4A2622218800331B66 /* FAUser.swift */,
				E55C5C522622220B00331B66 /* FAAddress.swift */,
				E55C5C5A262223CB00331B66 /* FACompany.swift */,
			);
			path = Models;
			sourceTree = "<group>";
		};
		E55C5C5F2622244F00331B66 /* Users */ = {
			isa = PBXGroup;
			children = (
				E55C5B692622133E00331B66 /* Users.storyboard */,
				E55C5B672622133E00331B66 /* UsersViewController.swift */,
				E54DC7572622E82F00DCB274 /* UsersViewModel.swift */,
				E55C5C772622261300331B66 /* Cells */,
			);
			path = Users;
			sourceTree = "<group>";
		};
		E55C5C602622245800331B66 /* UserDetails */ = {
			isa = PBXGroup;
			children = (
				E55C5C6F262224F900331B66 /* UserDetails.storyboard */,
				E55C5C6A262224EF00331B66 /* UserDetailsViewController.swift */,
			);
			path = UserDetails;
			sourceTree = "<group>";
		};
		E55C5C772622261300331B66 /* Cells */ = {
			isa = PBXGroup;
			children = (
				E55C5C792622262D00331B66 /* UserTableViewCell.xib */,
				E55C5C782622262D00331B66 /* UserTableViewCell.swift */,
				E54DC75F2622EA6B00DCB274 /* UserCellViewModel.swift */,
			);
			path = Cells;
			sourceTree = "<group>";
		};
		E55C5C85262229E700331B66 /* Helpers */ = {
			isa = PBXGroup;
			children = (
				E55C5C86262229F500331B66 /* LoadableCell.swift */,
			);
			path = Helpers;
			sourceTree = "<group>";
		};
/* End PBXGroup section */

/* Begin PBXNativeTarget section */
		E55C5B5F2622133E00331B66 /* Fara */ = {
			isa = PBXNativeTarget;
			buildConfigurationList = E55C5B8A2622133F00331B66 /* Build configuration list for PBXNativeTarget "Fara" */;
			buildPhases = (
				E55C5B5C2622133E00331B66 /* Sources */,
				E55C5B5D2622133E00331B66 /* Frameworks */,
				E55C5B5E2622133E00331B66 /* Resources */,
			);
			buildRules = (
			);
			dependencies = (
			);
			name = Fara;
			packageProductDependencies = (
				E55C5BB52622154500331B66 /* RxSwift */,
				E55C5BB92622154500331B66 /* RxRelay */,
				E55C5BBB2622154500331B66 /* RxCocoa */,
				E55C5BBD2622154500331B66 /* RxBlocking */,
				E55C5BC32622158E00331B66 /* RxDataSources */,
				E55C5BC52622158E00331B66 /* Differentiator */,
			);
			productName = Fara;
			productReference = E55C5B602622133E00331B66 /* Fara.app */;
			productType = "com.apple.product-type.application";
		};
		E55C5C2B2622191800331B66 /* FaraUITests */ = {
			isa = PBXNativeTarget;
			buildConfigurationList = E55C5C332622191800331B66 /* Build configuration list for PBXNativeTarget "FaraUITests" */;
			buildPhases = (
				E55C5C282622191800331B66 /* Sources */,
				E55C5C292622191800331B66 /* Frameworks */,
				E55C5C2A2622191800331B66 /* Resources */,
			);
			buildRules = (
			);
			dependencies = (
				E55C5C322622191800331B66 /* PBXTargetDependency */,
			);
			name = FaraUITests;
			productName = FaraUITests;
			productReference = E55C5C2C2622191800331B66 /* FaraUITests.xctest */;
			productType = "com.apple.product-type.bundle.ui-testing";
		};
		E55C5C3B2622192100331B66 /* FaraTests */ = {
			isa = PBXNativeTarget;
			buildConfigurationList = E55C5C432622192100331B66 /* Build configuration list for PBXNativeTarget "FaraTests" */;
			buildPhases = (
				E55C5C382622192100331B66 /* Sources */,
				E55C5C392622192100331B66 /* Frameworks */,
				E55C5C3A2622192100331B66 /* Resources */,
			);
			buildRules = (
			);
			dependencies = (
				E55C5C422622192100331B66 /* PBXTargetDependency */,
			);
			name = FaraTests;
			productName = FaraTests;
			productReference = E55C5C3C2622192100331B66 /* FaraTests.xctest */;
			productType = "com.apple.product-type.bundle.unit-test";
		};
/* End PBXNativeTarget section */

/* Begin PBXProject section */
		E55C5B582622133E00331B66 /* Project object */ = {
			isa = PBXProject;
			attributes = {
				LastSwiftUpdateCheck = 1240;
				LastUpgradeCheck = 1240;
				TargetAttributes = {
					E55C5B5F2622133E00331B66 = {
						CreatedOnToolsVersion = 12.4;
					};
					E55C5C2B2622191800331B66 = {
						CreatedOnToolsVersion = 12.4;
						TestTargetID = E55C5B5F2622133E00331B66;
					};
					E55C5C3B2622192100331B66 = {
						CreatedOnToolsVersion = 12.4;
						TestTargetID = E55C5B5F2622133E00331B66;
					};
				};
			};
			buildConfigurationList = E55C5B5B2622133E00331B66 /* Build configuration list for PBXProject "Fara" */;
			compatibilityVersion = "Xcode 9.3";
			developmentRegion = en;
			hasScannedForEncodings = 0;
			knownRegions = (
				en,
				Base,
			);
			mainGroup = E55C5B572622133E00331B66;
			packageReferences = (
				E55C5BB42622154500331B66 /* XCRemoteSwiftPackageReference "RxSwift" */,
				E55C5BC22622158E00331B66 /* XCRemoteSwiftPackageReference "RxDataSources" */,
			);
			productRefGroup = E55C5B612622133E00331B66 /* Products */;
			projectDirPath = "";
			projectRoot = "";
			targets = (
				E55C5B5F2622133E00331B66 /* Fara */,
				E55C5C2B2622191800331B66 /* FaraUITests */,
				E55C5C3B2622192100331B66 /* FaraTests */,
			);
		};
/* End PBXProject section */

/* Begin PBXResourcesBuildPhase section */
		E55C5B5E2622133E00331B66 /* Resources */ = {
			isa = PBXResourcesBuildPhase;
			buildActionMask = 2147483647;
			files = (
				E55C5B702622133E00331B66 /* LaunchScreen.storyboard in Resources */,
				E55C5B6D2622133E00331B66 /* Assets.xcassets in Resources */,
				E55C5C70262224F900331B66 /* UserDetails.storyboard in Resources */,
				E55C5B6B2622133E00331B66 /* Users.storyboard in Resources */,
				E55C5C7B2622262D00331B66 /* UserTableViewCell.xib in Resources */,
			);
			runOnlyForDeploymentPostprocessing = 0;
		};
		E55C5C2A2622191800331B66 /* Resources */ = {
			isa = PBXResourcesBuildPhase;
			buildActionMask = 2147483647;
			files = (
			);
			runOnlyForDeploymentPostprocessing = 0;
		};
		E55C5C3A2622192100331B66 /* Resources */ = {
			isa = PBXResourcesBuildPhase;
			buildActionMask = 2147483647;
			files = (
			);
			runOnlyForDeploymentPostprocessing = 0;
		};
/* End PBXResourcesBuildPhase section */

/* Begin PBXSourcesBuildPhase section */
		E55C5B5C2622133E00331B66 /* Sources */ = {
			isa = PBXSourcesBuildPhase;
			buildActionMask = 2147483647;
			files = (
				E55C5C5B262223CB00331B66 /* FACompany.swift in Sources */,
				E54DC7582622E82F00DCB274 /* UsersViewModel.swift in Sources */,
				E54DC7602622EA6B00DCB274 /* UserCellViewModel.swift in Sources */,
				E55C5C532622220B00331B66 /* FAAddress.swift in Sources */,
				E55C5BD02622167600331B66 /* FARequest.swift in Sources */,
				E55C5B682622133E00331B66 /* UsersViewController.swift in Sources */,
				E55C5C7A2622262D00331B66 /* UserTableViewCell.swift in Sources */,
				E55C5C4B2622218800331B66 /* FAUser.swift in Sources */,
				E55C5BCB2622164000331B66 /* FAQuery.swift in Sources */,
				E55C5B642622133E00331B66 /* AppDelegate.swift in Sources */,
				E55C5C87262229F500331B66 /* LoadableCell.swift in Sources */,
				E55C5BA32622140800331B66 /* Config.swift in Sources */,
				E55C5C6B262224EF00331B66 /* UserDetailsViewController.swift in Sources */,
			);
			runOnlyForDeploymentPostprocessing = 0;
		};
		E55C5C282622191800331B66 /* Sources */ = {
			isa = PBXSourcesBuildPhase;
			buildActionMask = 2147483647;
			files = (
				E55C5C2F2622191800331B66 /* FaraUITests.swift in Sources */,
			);
			runOnlyForDeploymentPostprocessing = 0;
		};
		E55C5C382622192100331B66 /* Sources */ = {
			isa = PBXSourcesBuildPhase;
			buildActionMask = 2147483647;
			files = (
				E55C5C3F2622192100331B66 /* FaraTests.swift in Sources */,
			);
			runOnlyForDeploymentPostprocessing = 0;
		};
/* End PBXSourcesBuildPhase section */

/* Begin PBXTargetDependency section */
		E55C5C322622191800331B66 /* PBXTargetDependency */ = {
			isa = PBXTargetDependency;
			target = E55C5B5F2622133E00331B66 /* Fara */;
			targetProxy = E55C5C312622191800331B66 /* PBXContainerItemProxy */;
		};
		E55C5C422622192100331B66 /* PBXTargetDependency */ = {
			isa = PBXTargetDependency;
			target = E55C5B5F2622133E00331B66 /* Fara */;
			targetProxy = E55C5C412622192100331B66 /* PBXContainerItemProxy */;
		};
/* End PBXTargetDependency section */

/* Begin PBXVariantGroup section */
		E55C5B692622133E00331B66 /* Users.storyboard */ = {
			isa = PBXVariantGroup;
			children = (
				E55C5B6A2622133E00331B66 /* Base */,
			);
			name = Users.storyboard;
			sourceTree = "<group>";
		};
		E55C5B6E2622133E00331B66 /* LaunchScreen.storyboard */ = {
			isa = PBXVariantGroup;
			children = (
				E55C5B6F2622133E00331B66 /* Base */,
			);
			name = LaunchScreen.storyboard;
			sourceTree = "<group>";
		};
/* End PBXVariantGroup section */

/* Begin XCBuildConfiguration section */
		E55C5B882622133F00331B66 /* Debug */ = {
			isa = XCBuildConfiguration;
			buildSettings = {
				ALWAYS_SEARCH_USER_PATHS = NO;
				CLANG_ANALYZER_NONNULL = YES;
				CLANG_ANALYZER_NUMBER_OBJECT_CONVERSION = YES_AGGRESSIVE;
				CLANG_CXX_LANGUAGE_STANDARD = "gnu++14";
				CLANG_CXX_LIBRARY = "libc++";
				CLANG_ENABLE_MODULES = YES;
				CLANG_ENABLE_OBJC_ARC = YES;
				CLANG_ENABLE_OBJC_WEAK = YES;
				CLANG_WARN_BLOCK_CAPTURE_AUTORELEASING = YES;
				CLANG_WARN_BOOL_CONVERSION = YES;
				CLANG_WARN_COMMA = YES;
				CLANG_WARN_CONSTANT_CONVERSION = YES;
				CLANG_WARN_DEPRECATED_OBJC_IMPLEMENTATIONS = YES;
				CLANG_WARN_DIRECT_OBJC_ISA_USAGE = YES_ERROR;
				CLANG_WARN_DOCUMENTATION_COMMENTS = YES;
				CLANG_WARN_EMPTY_BODY = YES;
				CLANG_WARN_ENUM_CONVERSION = YES;
				CLANG_WARN_INFINITE_RECURSION = YES;
				CLANG_WARN_INT_CONVERSION = YES;
				CLANG_WARN_NON_LITERAL_NULL_CONVERSION = YES;
				CLANG_WARN_OBJC_IMPLICIT_RETAIN_SELF = YES;
				CLANG_WARN_OBJC_LITERAL_CONVERSION = YES;
				CLANG_WARN_OBJC_ROOT_CLASS = YES_ERROR;
				CLANG_WARN_QUOTED_INCLUDE_IN_FRAMEWORK_HEADER = YES;
				CLANG_WARN_RANGE_LOOP_ANALYSIS = YES;
				CLANG_WARN_STRICT_PROTOTYPES = YES;
				CLANG_WARN_SUSPICIOUS_MOVE = YES;
				CLANG_WARN_UNGUARDED_AVAILABILITY = YES_AGGRESSIVE;
				CLANG_WARN_UNREACHABLE_CODE = YES;
				CLANG_WARN__DUPLICATE_METHOD_MATCH = YES;
				COPY_PHASE_STRIP = NO;
				DEBUG_INFORMATION_FORMAT = dwarf;
				ENABLE_STRICT_OBJC_MSGSEND = YES;
				ENABLE_TESTABILITY = YES;
				GCC_C_LANGUAGE_STANDARD = gnu11;
				GCC_DYNAMIC_NO_PIC = NO;
				GCC_NO_COMMON_BLOCKS = YES;
				GCC_OPTIMIZATION_LEVEL = 0;
				GCC_PREPROCESSOR_DEFINITIONS = (
					"DEBUG=1",
					"$(inherited)",
				);
				GCC_WARN_64_TO_32_BIT_CONVERSION = YES;
				GCC_WARN_ABOUT_RETURN_TYPE = YES_ERROR;
				GCC_WARN_UNDECLARED_SELECTOR = YES;
				GCC_WARN_UNINITIALIZED_AUTOS = YES_AGGRESSIVE;
				GCC_WARN_UNUSED_FUNCTION = YES;
				GCC_WARN_UNUSED_VARIABLE = YES;
				IPHONEOS_DEPLOYMENT_TARGET = 14.4;
				MTL_ENABLE_DEBUG_INFO = INCLUDE_SOURCE;
				MTL_FAST_MATH = YES;
				ONLY_ACTIVE_ARCH = YES;
				SDKROOT = iphoneos;
				SWIFT_ACTIVE_COMPILATION_CONDITIONS = DEBUG;
				SWIFT_OPTIMIZATION_LEVEL = "-Onone";
			};
			name = Debug;
		};
		E55C5B892622133F00331B66 /* Release */ = {
			isa = XCBuildConfiguration;
			buildSettings = {
				ALWAYS_SEARCH_USER_PATHS = NO;
				CLANG_ANALYZER_NONNULL = YES;
				CLANG_ANALYZER_NUMBER_OBJECT_CONVERSION = YES_AGGRESSIVE;
				CLANG_CXX_LANGUAGE_STANDARD = "gnu++14";
				CLANG_CXX_LIBRARY = "libc++";
				CLANG_ENABLE_MODULES = YES;
				CLANG_ENABLE_OBJC_ARC = YES;
				CLANG_ENABLE_OBJC_WEAK = YES;
				CLANG_WARN_BLOCK_CAPTURE_AUTORELEASING = YES;
				CLANG_WARN_BOOL_CONVERSION = YES;
				CLANG_WARN_COMMA = YES;
				CLANG_WARN_CONSTANT_CONVERSION = YES;
				CLANG_WARN_DEPRECATED_OBJC_IMPLEMENTATIONS = YES;
				CLANG_WARN_DIRECT_OBJC_ISA_USAGE = YES_ERROR;
				CLANG_WARN_DOCUMENTATION_COMMENTS = YES;
				CLANG_WARN_EMPTY_BODY = YES;
				CLANG_WARN_ENUM_CONVERSION = YES;
				CLANG_WARN_INFINITE_RECURSION = YES;
				CLANG_WARN_INT_CONVERSION = YES;
				CLANG_WARN_NON_LITERAL_NULL_CONVERSION = YES;
				CLANG_WARN_OBJC_IMPLICIT_RETAIN_SELF = YES;
				CLANG_WARN_OBJC_LITERAL_CONVERSION = YES;
				CLANG_WARN_OBJC_ROOT_CLASS = YES_ERROR;
				CLANG_WARN_QUOTED_INCLUDE_IN_FRAMEWORK_HEADER = YES;
				CLANG_WARN_RANGE_LOOP_ANALYSIS = YES;
				CLANG_WARN_STRICT_PROTOTYPES = YES;
				CLANG_WARN_SUSPICIOUS_MOVE = YES;
				CLANG_WARN_UNGUARDED_AVAILABILITY = YES_AGGRESSIVE;
				CLANG_WARN_UNREACHABLE_CODE = YES;
				CLANG_WARN__DUPLICATE_METHOD_MATCH = YES;
				COPY_PHASE_STRIP = NO;
				DEBUG_INFORMATION_FORMAT = "dwarf-with-dsym";
				ENABLE_NS_ASSERTIONS = NO;
				ENABLE_STRICT_OBJC_MSGSEND = YES;
				GCC_C_LANGUAGE_STANDARD = gnu11;
				GCC_NO_COMMON_BLOCKS = YES;
				GCC_WARN_64_TO_32_BIT_CONVERSION = YES;
				GCC_WARN_ABOUT_RETURN_TYPE = YES_ERROR;
				GCC_WARN_UNDECLARED_SELECTOR = YES;
				GCC_WARN_UNINITIALIZED_AUTOS = YES_AGGRESSIVE;
				GCC_WARN_UNUSED_FUNCTION = YES;
				GCC_WARN_UNUSED_VARIABLE = YES;
				IPHONEOS_DEPLOYMENT_TARGET = 14.4;
				MTL_ENABLE_DEBUG_INFO = NO;
				MTL_FAST_MATH = YES;
				SDKROOT = iphoneos;
				SWIFT_COMPILATION_MODE = wholemodule;
				SWIFT_OPTIMIZATION_LEVEL = "-O";
				VALIDATE_PRODUCT = YES;
			};
			name = Release;
		};
		E55C5B8B2622133F00331B66 /* Debug */ = {
			isa = XCBuildConfiguration;
			buildSettings = {
				ASSETCATALOG_COMPILER_APPICON_NAME = AppIcon;
				ASSETCATALOG_COMPILER_GLOBAL_ACCENT_COLOR_NAME = AccentColor;
				CODE_SIGN_STYLE = Automatic;
				DEVELOPMENT_TEAM = 7GD7NQ8T4N;
				INFOPLIST_FILE = Fara/Config/Info.plist;
				LD_RUNPATH_SEARCH_PATHS = (
					"$(inherited)",
					"@executable_path/Frameworks",
				);
				PRODUCT_BUNDLE_IDENTIFIER = com.ferchmin.Fara;
				PRODUCT_NAME = "$(TARGET_NAME)";
				SWIFT_VERSION = 5.0;
				TARGETED_DEVICE_FAMILY = "1,2";
			};
			name = Debug;
		};
		E55C5B8C2622133F00331B66 /* Release */ = {
			isa = XCBuildConfiguration;
			buildSettings = {
				ASSETCATALOG_COMPILER_APPICON_NAME = AppIcon;
				ASSETCATALOG_COMPILER_GLOBAL_ACCENT_COLOR_NAME = AccentColor;
				CODE_SIGN_STYLE = Automatic;
				DEVELOPMENT_TEAM = 7GD7NQ8T4N;
				INFOPLIST_FILE = Fara/Config/Info.plist;
				LD_RUNPATH_SEARCH_PATHS = (
					"$(inherited)",
					"@executable_path/Frameworks",
				);
				PRODUCT_BUNDLE_IDENTIFIER = com.ferchmin.Fara;
				PRODUCT_NAME = "$(TARGET_NAME)";
				SWIFT_VERSION = 5.0;
				TARGETED_DEVICE_FAMILY = "1,2";
			};
			name = Release;
		};
		E55C5C342622191800331B66 /* Debug */ = {
			isa = XCBuildConfiguration;
			buildSettings = {
				CODE_SIGN_STYLE = Automatic;
				DEVELOPMENT_TEAM = 7GD7NQ8T4N;
				INFOPLIST_FILE = FaraUITests/Info.plist;
				LD_RUNPATH_SEARCH_PATHS = (
					"$(inherited)",
					"@executable_path/Frameworks",
					"@loader_path/Frameworks",
				);
				PRODUCT_BUNDLE_IDENTIFIER = com.ferchmin.FaraUITests;
				PRODUCT_NAME = "$(TARGET_NAME)";
				SWIFT_VERSION = 5.0;
				TARGETED_DEVICE_FAMILY = "1,2";
				TEST_TARGET_NAME = Fara;
			};
			name = Debug;
		};
		E55C5C352622191800331B66 /* Release */ = {
			isa = XCBuildConfiguration;
			buildSettings = {
				CODE_SIGN_STYLE = Automatic;
				DEVELOPMENT_TEAM = 7GD7NQ8T4N;
				INFOPLIST_FILE = FaraUITests/Info.plist;
				LD_RUNPATH_SEARCH_PATHS = (
					"$(inherited)",
					"@executable_path/Frameworks",
					"@loader_path/Frameworks",
				);
				PRODUCT_BUNDLE_IDENTIFIER = com.ferchmin.FaraUITests;
				PRODUCT_NAME = "$(TARGET_NAME)";
				SWIFT_VERSION = 5.0;
				TARGETED_DEVICE_FAMILY = "1,2";
				TEST_TARGET_NAME = Fara;
			};
			name = Release;
		};
		E55C5C442622192100331B66 /* Debug */ = {
			isa = XCBuildConfiguration;
			buildSettings = {
				BUNDLE_LOADER = "$(TEST_HOST)";
				CODE_SIGN_STYLE = Automatic;
				DEVELOPMENT_TEAM = 7GD7NQ8T4N;
				INFOPLIST_FILE = FaraTests/Info.plist;
				LD_RUNPATH_SEARCH_PATHS = (
					"$(inherited)",
					"@executable_path/Frameworks",
					"@loader_path/Frameworks",
				);
				PRODUCT_BUNDLE_IDENTIFIER = com.ferchmin.FaraTests;
				PRODUCT_NAME = "$(TARGET_NAME)";
				SWIFT_VERSION = 5.0;
				TARGETED_DEVICE_FAMILY = "1,2";
				TEST_HOST = "$(BUILT_PRODUCTS_DIR)/Fara.app/Fara";
			};
			name = Debug;
		};
		E55C5C452622192100331B66 /* Release */ = {
			isa = XCBuildConfiguration;
			buildSettings = {
				BUNDLE_LOADER = "$(TEST_HOST)";
				CODE_SIGN_STYLE = Automatic;
				DEVELOPMENT_TEAM = 7GD7NQ8T4N;
				INFOPLIST_FILE = FaraTests/Info.plist;
				LD_RUNPATH_SEARCH_PATHS = (
					"$(inherited)",
					"@executable_path/Frameworks",
					"@loader_path/Frameworks",
				);
				PRODUCT_BUNDLE_IDENTIFIER = com.ferchmin.FaraTests;
				PRODUCT_NAME = "$(TARGET_NAME)";
				SWIFT_VERSION = 5.0;
				TARGETED_DEVICE_FAMILY = "1,2";
				TEST_HOST = "$(BUILT_PRODUCTS_DIR)/Fara.app/Fara";
			};
			name = Release;
		};
/* End XCBuildConfiguration section */

/* Begin XCConfigurationList section */
		E55C5B5B2622133E00331B66 /* Build configuration list for PBXProject "Fara" */ = {
			isa = XCConfigurationList;
			buildConfigurations = (
				E55C5B882622133F00331B66 /* Debug */,
				E55C5B892622133F00331B66 /* Release */,
			);
			defaultConfigurationIsVisible = 0;
			defaultConfigurationName = Release;
		};
		E55C5B8A2622133F00331B66 /* Build configuration list for PBXNativeTarget "Fara" */ = {
			isa = XCConfigurationList;
			buildConfigurations = (
				E55C5B8B2622133F00331B66 /* Debug */,
				E55C5B8C2622133F00331B66 /* Release */,
			);
			defaultConfigurationIsVisible = 0;
			defaultConfigurationName = Release;
		};
		E55C5C332622191800331B66 /* Build configuration list for PBXNativeTarget "FaraUITests" */ = {
			isa = XCConfigurationList;
			buildConfigurations = (
				E55C5C342622191800331B66 /* Debug */,
				E55C5C352622191800331B66 /* Release */,
			);
			defaultConfigurationIsVisible = 0;
			defaultConfigurationName = Release;
		};
		E55C5C432622192100331B66 /* Build configuration list for PBXNativeTarget "FaraTests" */ = {
			isa = XCConfigurationList;
			buildConfigurations = (
				E55C5C442622192100331B66 /* Debug */,
				E55C5C452622192100331B66 /* Release */,
			);
			defaultConfigurationIsVisible = 0;
			defaultConfigurationName = Release;
		};
/* End XCConfigurationList section */

/* Begin XCRemoteSwiftPackageReference section */
		E55C5BB42622154500331B66 /* XCRemoteSwiftPackageReference "RxSwift" */ = {
			isa = XCRemoteSwiftPackageReference;
			repositoryURL = "https://github.com/ReactiveX/RxSwift.git";
			requirement = {
				kind = upToNextMajorVersion;
				minimumVersion = 6.1.0;
			};
		};
		E55C5BC22622158E00331B66 /* XCRemoteSwiftPackageReference "RxDataSources" */ = {
			isa = XCRemoteSwiftPackageReference;
			repositoryURL = "https://github.com/RxSwiftCommunity/RxDataSources.git";
			requirement = {
				kind = upToNextMajorVersion;
				minimumVersion = 5.0.1;
			};
		};
/* End XCRemoteSwiftPackageReference section */

/* Begin XCSwiftPackageProductDependency section */
		E55C5BB52622154500331B66 /* RxSwift */ = {
			isa = XCSwiftPackageProductDependency;
			package = E55C5BB42622154500331B66 /* XCRemoteSwiftPackageReference "RxSwift" */;
			productName = RxSwift;
		};
		E55C5BB92622154500331B66 /* RxRelay */ = {
			isa = XCSwiftPackageProductDependency;
			package = E55C5BB42622154500331B66 /* XCRemoteSwiftPackageReference "RxSwift" */;
			productName = RxRelay;
		};
		E55C5BBB2622154500331B66 /* RxCocoa */ = {
			isa = XCSwiftPackageProductDependency;
			package = E55C5BB42622154500331B66 /* XCRemoteSwiftPackageReference "RxSwift" */;
			productName = RxCocoa;
		};
		E55C5BBD2622154500331B66 /* RxBlocking */ = {
			isa = XCSwiftPackageProductDependency;
			package = E55C5BB42622154500331B66 /* XCRemoteSwiftPackageReference "RxSwift" */;
			productName = RxBlocking;
		};
		E55C5BC32622158E00331B66 /* RxDataSources */ = {
			isa = XCSwiftPackageProductDependency;
			package = E55C5BC22622158E00331B66 /* XCRemoteSwiftPackageReference "RxDataSources" */;
			productName = RxDataSources;
		};
		E55C5BC52622158E00331B66 /* Differentiator */ = {
			isa = XCSwiftPackageProductDependency;
			package = E55C5BC22622158E00331B66 /* XCRemoteSwiftPackageReference "RxDataSources" */;
			productName = Differentiator;
		};
/* End XCSwiftPackageProductDependency section */
	};
	rootObject = E55C5B582622133E00331B66 /* Project object */;
}
